
Microsoft Visual Studio Solution File, Format Version 12.00
# Visual Studio 15
VisualStudioVersion = 15.0.27428.2043
MinimumVisualStudioVersion = 10.0.40219.1
Project("{9A19103F-16F7-4668-BE54-9A1E7A4F7556}") = "Array", "Array\Array.csproj", "{5D5429D0-B809-471D-BC32-C1840A7DBBD7}"
EndProject
Project("{FAE04EC0-301F-11D3-BF4B-00C04F79EFBC}") = "StackAndQueue", "StackAndHeap\StackAndQueue.csproj", "{A33E2518-F4A0-4C6F-B5A9-357F4CB7AC67}"
EndProject
Global
	GlobalSection(SolutionConfigurationPlatforms) = preSolution
		Debug|Any CPU = Debug|Any CPU
		Release|Any CPU = Release|Any CPU
	EndGlobalSection
	GlobalSection(ProjectConfigurationPlatforms) = postSolution
		{5D5429D0-B809-471D-BC32-C1840A7DBBD7}.Debug|Any CPU.ActiveCfg = Debug|Any CPU
		{5D5429D0-B809-471D-BC32-C1840A7DBBD7}.Debug|Any CPU.Build.0 = Debug|Any CPU
		{5D5429D0-B809-471D-BC32-C1840A7DBBD7}.Release|Any CPU.ActiveCfg = Release|Any CPU
		{5D5429D0-B809-471D-BC32-C1840A7DBBD7}.Release|Any CPU.Build.0 = Release|Any CPU
		{A33E2518-F4A0-4C6F-B5A9-357F4CB7AC67}.Debug|Any CPU.ActiveCfg = Debug|Any CPU
		{A33E2518-F4A0-4C6F-B5A9-357F4CB7AC67}.Debug|Any CPU.Build.0 = Debug|Any CPU
		{A33E2518-F4A0-4C6F-B5A9-357F4CB7AC67}.Release|Any CPU.ActiveCfg = Release|Any CPU
		{A33E2518-F4A0-4C6F-B5A9-357F4CB7AC67}.Release|Any CPU.Build.0 = Release|Any CPU
	EndGlobalSection
	GlobalSection(SolutionProperties) = preSolution
		HideSolutionNode = FALSE
	EndGlobalSection
	GlobalSection(ExtensibilityGlobals) = postSolution
		SolutionGuid = {A9C89AA6-23B0-467B-B752-0DA11A60C0A0}
	EndGlobalSection
EndGlobal
